<?xml version="1.0" encoding="utf-8"?>
<Project ToolsVersion="4.0" xmlns="http://schemas.microsoft.com/developer/msbuild/2003">
  <ItemGroup>
    <Filter Include="Source">
      <UniqueIdentifier>{4FC737F1-C7A5-4376-A066-2A32D752A2FF}</UniqueIdentifier>
      <Extensions>cpp;c;cc;cxx;c++;cppm;ixx;def;odl;idl;hpj;bat;asm;asmx</Extensions>
    </Filter>
    <Filter Include="Source\Components">
      <UniqueIdentifier>{9cc8f5f6-6a74-4ca4-b219-a4a6192b8c0b}</UniqueIdentifier>
    </Filter>
    <Filter Include="Source\GameEntry">
      <UniqueIdentifier>{8b4bc680-6ae2-4b52-9cc9-b17fafebd2f4}</UniqueIdentifier>
    </Filter>
    <Filter Include="Source\Systems">
      <UniqueIdentifier>{9f0dfc0e-e142-49aa-b044-e12c720a44e2}</UniqueIdentifier>
    </Filter>
    <Filter Include="Source\Systems\MovementSystem">
      <UniqueIdentifier>{59b0305b-6b0d-4df5-9b22-804a500a68c6}</UniqueIdentifier>
    </Filter>
    <Filter Include="Source\Systems\PlayerInputSystem">
      <UniqueIdentifier>{12e763f4-8188-424f-b635-31a16fee4479}</UniqueIdentifier>
    </Filter>
    <Filter Include="Source\Systems\CollisionDetectionSystem">
      <UniqueIdentifier>{abdff57a-6b04-43eb-9f7d-f60b98384039}</UniqueIdentifier>
    </Filter>
    <Filter Include="Source\Events">
      <UniqueIdentifier>{07925d12-fe8e-45f6-8e56-4e1b81495f42}</UniqueIdentifier>
    </Filter>
    <Filter Include="Source\Systems\HealthSystem">
      <UniqueIdentifier>{2dcc9ca3-0eb4-4e43-949e-def6b4720387}</UniqueIdentifier>
    </Filter>
    <Filter Include="Source\Systems\CollisionKinematicResolverSystem">
      <UniqueIdentifier>{2e950d7b-bdc5-48cf-9b4e-4f68adc9c8d9}</UniqueIdentifier>
    </Filter>
    <Filter Include="Source\Systems\CurrentStageSystem">
      <UniqueIdentifier>{fcc0e7ff-15e9-4484-88b1-ca1b9ee4a79a}</UniqueIdentifier>
    </Filter>
    <Filter Include="Source\Systems\RunControllerSystem">
      <UniqueIdentifier>{a1afb117-2c85-4835-b63c-60e604f72d2b}</UniqueIdentifier>
    </Filter>
    <Filter Include="Source\Utils">
      <UniqueIdentifier>{3469ba66-4a8c-4a48-940f-c94ef57ba53a}</UniqueIdentifier>
    </Filter>
    <Filter Include="Source\Systems\HealthIndicatorSystem">
      <UniqueIdentifier>{e4ea1060-ced9-449a-9f59-8c8624ae51ce}</UniqueIdentifier>
    </Filter>
    <Filter Include="Source\Systems\GameStateSystem">
      <UniqueIdentifier>{4a6eddd6-fb9a-4929-8ba9-4977280821db}</UniqueIdentifier>
    </Filter>
    <Filter Include="Source\Systems\MainMenuControllerSystem">
      <UniqueIdentifier>{4126f583-8c30-4ee1-aa23-6ae19a087d39}</UniqueIdentifier>
    </Filter>
    <Filter Include="Source\Systems\RunControllerSystem\StageDataLoader">
      <UniqueIdentifier>{5596190a-9ab9-4b5f-bf5f-d805b2cc4d10}</UniqueIdentifier>
    </Filter>
    <Filter Include="Source\Systems\SummaryControllerSystem">
      <UniqueIdentifier>{157a2de6-4e54-4a43-80bf-891c91174303}</UniqueIdentifier>
    </Filter>
    <Filter Include="Source\Systems\StageInfoSystem">
      <UniqueIdentifier>{98a8cdc9-76db-4f0c-bda0-a8dd20310d92}</UniqueIdentifier>
    </Filter>
    <Filter Include="Source\Systems\RunControllerSystem\UpgradeLoader">
      <UniqueIdentifier>{59f45407-d726-4ce1-8fec-04e56394af87}</UniqueIdentifier>
    </Filter>
    <Filter Include="Source\Systems\UpgradeControllerSystem">
      <UniqueIdentifier>{fe1634c8-13ba-4c4e-96e9-58804d998407}</UniqueIdentifier>
    </Filter>
    <Filter Include="Source\Utils\StageUtils">
      <UniqueIdentifier>{7a8f9024-ba71-4acf-a560-523eddea69b7}</UniqueIdentifier>
    </Filter>
    <Filter Include="Source\Utils\GameStateUtils">
      <UniqueIdentifier>{df3f6f8f-11b3-4482-9369-8c98ecdac64c}</UniqueIdentifier>
    </Filter>
    <Filter Include="Source\Utils\UpgradeUtils">
      <UniqueIdentifier>{701c7de7-25f7-4482-b54a-ac82fd502a4a}</UniqueIdentifier>
    </Filter>
    <Filter Include="Source\Systems\TutorialControllerSystem">
      <UniqueIdentifier>{8f97e8da-d337-4867-890e-c3ce06b0849d}</UniqueIdentifier>
    </Filter>
    <Filter Include="Source\Utils\HealthUtils">
      <UniqueIdentifier>{fa0eb49c-ad83-42fe-8f79-ff5988e0096d}</UniqueIdentifier>
    </Filter>
    <Filter Include="Source\Systems\PlayerPrepareSystem">
      <UniqueIdentifier>{0a9978bb-2dbb-4759-be79-a5ae8df1cfe0}</UniqueIdentifier>
    </Filter>
    <Filter Include="Source\Modules">
      <UniqueIdentifier>{f9f5f13b-2504-4777-9976-35b7491f934e}</UniqueIdentifier>
    </Filter>
  </ItemGroup>
  <ItemGroup>
    <ClCompile Include="Arkanoid.cpp">
      <Filter>Source\GameEntry</Filter>
    </ClCompile>
    <ClCompile Include="MovementSystem.cpp">
      <Filter>Source\Systems\MovementSystem</Filter>
    </ClCompile>
    <ClCompile Include="PlayerInputSystem.cpp">
      <Filter>Source\Systems\PlayerInputSystem</Filter>
    </ClCompile>
    <ClCompile Include="main.cpp">
      <Filter>Source</Filter>
    </ClCompile>
    <ClCompile Include="CollisionDetectionSystem.cpp">
      <Filter>Source\Systems\CollisionDetectionSystem</Filter>
    </ClCompile>
    <ClCompile Include="CollisionKinematicResolverSystem.cpp">
      <Filter>Source\Systems\CollisionKinematicResolverSystem</Filter>
    </ClCompile>
    <ClCompile Include="HealthSystem.cpp">
      <Filter>Source\Systems\HealthSystem</Filter>
    </ClCompile>
    <ClCompile Include="CurrentStageSystem.cpp">
      <Filter>Source\Systems\CurrentStageSystem</Filter>
    </ClCompile>
    <ClCompile Include="RunControllerSystem.cpp">
      <Filter>Source\Systems\RunControllerSystem</Filter>
    </ClCompile>
    <ClCompile Include="HealthIndicatorSystem.cpp">
      <Filter>Source\Systems\HealthIndicatorSystem</Filter>
    </ClCompile>
    <ClCompile Include="GameStateSystem.cpp">
      <Filter>Source\Systems\GameStateSystem</Filter>
    </ClCompile>
    <ClCompile Include="MainMenuControllerSystem.cpp">
      <Filter>Source\Systems\MainMenuControllerSystem</Filter>
    </ClCompile>
    <ClCompile Include="StageDataLoader.cpp">
      <Filter>Source\Systems\RunControllerSystem\StageDataLoader</Filter>
    </ClCompile>
    <ClCompile Include="SummaryControllerSystem.cpp">
      <Filter>Source\Systems\SummaryControllerSystem</Filter>
    </ClCompile>
    <ClCompile Include="StageInfoSystem.cpp">
      <Filter>Source\Systems\StageInfoSystem</Filter>
    </ClCompile>
    <ClCompile Include="UpgradeControllerSystem.cpp">
      <Filter>Source\Systems\UpgradeControllerSystem</Filter>
    </ClCompile>
    <ClCompile Include="UpgradeLoader.cpp">
      <Filter>Source\Systems\RunControllerSystem\UpgradeLoader</Filter>
    </ClCompile>
    <ClCompile Include="StageUtils.cpp">
      <Filter>Source\Utils\StageUtils</Filter>
    </ClCompile>
    <ClCompile Include="GameStateUtils.cpp">
      <Filter>Source\Utils\GameStateUtils</Filter>
    </ClCompile>
    <ClCompile Include="TutorialControllerSystem.cpp">
      <Filter>Source\Systems\TutorialControllerSystem</Filter>
    </ClCompile>
    <ClCompile Include="UpgradeUtils.cpp">
      <Filter>Source\Utils\UpgradeUtils</Filter>
    </ClCompile>
    <ClCompile Include="HealthUtils.cpp">
      <Filter>Source\Utils\HealthUtils</Filter>
    </ClCompile>
    <ClCompile Include="PlayerPrepareSystem.cpp">
      <Filter>Source\Systems\PlayerPrepareSystem</Filter>
    </ClCompile>
    <ClCompile Include="ArkanoidModule.cpp">
      <Filter>Source\Modules</Filter>
    </ClCompile>
  </ItemGroup>
  <ItemGroup>
    <ClInclude Include="Arkanoid.h">
      <Filter>Source\GameEntry</Filter>
    </ClInclude>
    <ClInclude Include="CollisionComponent.h">
      <Filter>Source\Components</Filter>
    </ClInclude>
    <ClInclude Include="PlayerControllerComponent.h">
      <Filter>Source\Components</Filter>
    </ClInclude>
    <ClInclude Include="VelocityComponent.h">
      <Filter>Source\Components</Filter>
    </ClInclude>
    <ClInclude Include="MovementSystem.h">
      <Filter>Source\Systems\MovementSystem</Filter>
    </ClInclude>
    <ClInclude Include="PlayerInputSystem.h">
      <Filter>Source\Systems\PlayerInputSystem</Filter>
    </ClInclude>
    <ClInclude Include="CollisionDetectionSystem.h">
      <Filter>Source\Systems\CollisionDetectionSystem</Filter>
    </ClInclude>
    <ClInclude Include="CollisionEvent.h">
      <Filter>Source\Events</Filter>
    </ClInclude>
    <ClInclude Include="CollisionKinematicResolverSystem.h">
      <Filter>Source\Systems\CollisionKinematicResolverSystem</Filter>
    </ClInclude>
    <ClInclude Include="HealthComponent.h">
      <Filter>Source\Components</Filter>
    </ClInclude>
    <ClInclude Include="HealthSystem.h">
      <Filter>Source\Systems\HealthSystem</Filter>
    </ClInclude>
    <ClInclude Include="CurrentStageSystem.h">
      <Filter>Source\Systems\CurrentStageSystem</Filter>
    </ClInclude>
    <ClInclude Include="HealthChangedEvent.h">
      <Filter>Source\Events</Filter>
    </ClInclude>
    <ClInclude Include="RunControllerSystem.h">
      <Filter>Source\Systems\RunControllerSystem</Filter>
    </ClInclude>
    <ClInclude Include="RunStateComponent.h">
      <Filter>Source\Components</Filter>
    </ClInclude>
    <ClInclude Include="StageDataComponent.h">
      <Filter>Source\Components</Filter>
    </ClInclude>
    <ClInclude Include="HealthIndicatorSystem.h">
      <Filter>Source\Systems\HealthIndicatorSystem</Filter>
    </ClInclude>
    <ClInclude Include="GameStateComponent.h">
      <Filter>Source\Components</Filter>
    </ClInclude>
    <ClInclude Include="GameStateSystem.h">
      <Filter>Source\Systems\GameStateSystem</Filter>
    </ClInclude>
    <ClInclude Include="GameStateEvents.h">
      <Filter>Source\Events</Filter>
    </ClInclude>
    <ClInclude Include="ClickableComponent.h">
      <Filter>Source\Components</Filter>
    </ClInclude>
    <ClInclude Include="MainMenuControllerSystem.h">
      <Filter>Source\Systems\MainMenuControllerSystem</Filter>
    </ClInclude>
    <ClInclude Include="ClickableUsedEvent.h">
      <Filter>Source\Events</Filter>
    </ClInclude>
    <ClInclude Include="StageDataLoader.h">
      <Filter>Source\Systems\RunControllerSystem\StageDataLoader</Filter>
    </ClInclude>
    <ClInclude Include="Constants.h">
      <Filter>Source\Utils</Filter>
    </ClInclude>
    <ClInclude Include="SummaryControllerSystem.h">
      <Filter>Source\Systems\SummaryControllerSystem</Filter>
    </ClInclude>
    <ClInclude Include="StageEndEvent.h">
      <Filter>Source\Events</Filter>
    </ClInclude>
    <ClInclude Include="StageInfoSystem.h">
      <Filter>Source\Systems\StageInfoSystem</Filter>
    </ClInclude>
    <ClInclude Include="UpgradeComponent.h">
      <Filter>Source\Components</Filter>
    </ClInclude>
    <ClInclude Include="ChangeRunStateEvent.h">
      <Filter>Source\Events</Filter>
    </ClInclude>
    <ClInclude Include="UpgradeControllerSystem.h">
      <Filter>Source\Systems\UpgradeControllerSystem</Filter>
    </ClInclude>
    <ClInclude Include="UpgradeEvent.h">
      <Filter>Source\Events</Filter>
    </ClInclude>
    <ClInclude Include="UpgradeLoader.h">
      <Filter>Source\Systems\RunControllerSystem\UpgradeLoader</Filter>
    </ClInclude>
    <ClInclude Include="StageUtils.h">
      <Filter>Source\Utils\StageUtils</Filter>
    </ClInclude>
    <ClInclude Include="GameStateUtils.h">
      <Filter>Source\Utils\GameStateUtils</Filter>
    </ClInclude>
    <ClInclude Include="TutorialControllerSystem.h">
      <Filter>Source\Systems\TutorialControllerSystem</Filter>
    </ClInclude>
    <ClInclude Include="UpgradeUtils.h">
      <Filter>Source\Utils\UpgradeUtils</Filter>
    </ClInclude>
    <ClInclude Include="HealthUtils.h">
      <Filter>Source\Utils\HealthUtils</Filter>
    </ClInclude>
    <ClInclude Include="PlayerPrepareComponent.h">
      <Filter>Source\Components</Filter>
    </ClInclude>
    <ClInclude Include="PlayerPrepareSystem.h">
      <Filter>Source\Systems\PlayerPrepareSystem</Filter>
    </ClInclude>
    <ClInclude Include="PlayerReadyEvent.h">
      <Filter>Source\Events</Filter>
    </ClInclude>
    <ClInclude Include="ArkanoidModule.h">
      <Filter>Source\Modules</Filter>
    </ClInclude>
  </ItemGroup>
</Project>