<?xml version="1.0" encoding="utf-8"?>
<Project ToolsVersion="4.0" xmlns="http://schemas.microsoft.com/developer/msbuild/2003">
  <ItemGroup>
    <Filter Include="Source">
      <UniqueIdentifier>{4FC737F1-C7A5-4376-A066-2A32D752A2FF}</UniqueIdentifier>
      <Extensions>cpp;c;cc;cxx;c++;cppm;ixx;def;odl;idl;hpj;bat;asm;asmx</Extensions>
    </Filter>
    <Filter Include="Source\Components">
      <UniqueIdentifier>{9cc8f5f6-6a74-4ca4-b219-a4a6192b8c0b}</UniqueIdentifier>
    </Filter>
    <Filter Include="Source\GameEntry">
      <UniqueIdentifier>{8b4bc680-6ae2-4b52-9cc9-b17fafebd2f4}</UniqueIdentifier>
    </Filter>
    <Filter Include="Source\Systems">
      <UniqueIdentifier>{9f0dfc0e-e142-49aa-b044-e12c720a44e2}</UniqueIdentifier>
    </Filter>
    <Filter Include="Source\Systems\MovementSystem">
      <UniqueIdentifier>{59b0305b-6b0d-4df5-9b22-804a500a68c6}</UniqueIdentifier>
    </Filter>
    <Filter Include="Source\Systems\CollisionDetectionSystem">
      <UniqueIdentifier>{abdff57a-6b04-43eb-9f7d-f60b98384039}</UniqueIdentifier>
    </Filter>
    <Filter Include="Source\Systems\HealthSystem">
      <UniqueIdentifier>{2dcc9ca3-0eb4-4e43-949e-def6b4720387}</UniqueIdentifier>
    </Filter>
    <Filter Include="Source\Systems\RunControllerSystem">
      <UniqueIdentifier>{a1afb117-2c85-4835-b63c-60e604f72d2b}</UniqueIdentifier>
    </Filter>
    <Filter Include="Source\Utils">
      <UniqueIdentifier>{3469ba66-4a8c-4a48-940f-c94ef57ba53a}</UniqueIdentifier>
    </Filter>
    <Filter Include="Source\Systems\HealthIndicatorSystem">
      <UniqueIdentifier>{e4ea1060-ced9-449a-9f59-8c8624ae51ce}</UniqueIdentifier>
    </Filter>
    <Filter Include="Source\Systems\RunControllerSystem\StageDataLoader">
      <UniqueIdentifier>{5596190a-9ab9-4b5f-bf5f-d805b2cc4d10}</UniqueIdentifier>
    </Filter>
    <Filter Include="Source\Systems\SummaryControllerSystem">
      <UniqueIdentifier>{157a2de6-4e54-4a43-80bf-891c91174303}</UniqueIdentifier>
    </Filter>
    <Filter Include="Source\Systems\PlayerPrepareSystem">
      <UniqueIdentifier>{0a9978bb-2dbb-4759-be79-a5ae8df1cfe0}</UniqueIdentifier>
    </Filter>
    <Filter Include="Source\Modules">
      <UniqueIdentifier>{f9f5f13b-2504-4777-9976-35b7491f934e}</UniqueIdentifier>
    </Filter>
    <Filter Include="Source\Modules\InputModule">
      <UniqueIdentifier>{31717a54-a116-4b21-b7d1-1db04d317cbe}</UniqueIdentifier>
    </Filter>
    <Filter Include="Source\Modules\MovementModule">
      <UniqueIdentifier>{19a7b8cb-d8e7-43fe-9b71-42be16d9d0d7}</UniqueIdentifier>
    </Filter>
    <Filter Include="Source\Systems\InputSystem">
      <UniqueIdentifier>{12e763f4-8188-424f-b635-31a16fee4479}</UniqueIdentifier>
    </Filter>
    <Filter Include="Source\Utils\CollisionUtils">
      <UniqueIdentifier>{a710ab33-c779-45f6-bf56-000ef65cee50}</UniqueIdentifier>
    </Filter>
    <Filter Include="Source\Modules\HealthModule">
      <UniqueIdentifier>{a578a0c1-1f8f-4a80-a99b-90fff174ef8c}</UniqueIdentifier>
    </Filter>
    <Filter Include="Source\Utils\ComponentUtils">
      <UniqueIdentifier>{2419b9c0-b768-4a35-b096-563cf9c09d5d}</UniqueIdentifier>
    </Filter>
    <Filter Include="Source\Modules\CollisionModule">
      <UniqueIdentifier>{ca079ef7-d4b2-42b4-9215-7ffd2bddfdd2}</UniqueIdentifier>
    </Filter>
    <Filter Include="Source\Modules\CoreModule">
      <UniqueIdentifier>{9fd5e45a-80da-4219-ba55-e08c39857f07}</UniqueIdentifier>
    </Filter>
    <Filter Include="Source\Systems\GameStartSystem">
      <UniqueIdentifier>{9ec68328-be8c-4c22-ac71-9efa78f4bc60}</UniqueIdentifier>
    </Filter>
    <Filter Include="Source\Utils\TransitionUtils">
      <UniqueIdentifier>{ea9770e6-db93-4f8e-a078-295cbe8829ed}</UniqueIdentifier>
    </Filter>
    <Filter Include="Source\Utils\RunUtils">
      <UniqueIdentifier>{096816db-77ef-45cf-a558-922290e9cb13}</UniqueIdentifier>
    </Filter>
    <Filter Include="Source\Systems\UpgradeSystem">
      <UniqueIdentifier>{fe1634c8-13ba-4c4e-96e9-58804d998407}</UniqueIdentifier>
    </Filter>
    <Filter Include="Source\Systems\UpgradeSystem\UpgradeLoader">
      <UniqueIdentifier>{59f45407-d726-4ce1-8fec-04e56394af87}</UniqueIdentifier>
    </Filter>
    <Filter Include="Source\Modules\UpgradeModule">
      <UniqueIdentifier>{a3a77740-f5c7-4996-a9ef-f98d9401f759}</UniqueIdentifier>
    </Filter>
    <Filter Include="Source\Systems\TransitionSystem">
      <UniqueIdentifier>{36dcf8fc-bd82-41eb-a01f-69da3ce95e5e}</UniqueIdentifier>
    </Filter>
    <Filter Include="Source\Modules\TransitionModule">
      <UniqueIdentifier>{9aca47fc-51eb-4c70-a2d7-3333410e2e39}</UniqueIdentifier>
    </Filter>
  </ItemGroup>
  <ItemGroup>
    <ClCompile Include="Arkanoid.cpp">
      <Filter>Source\GameEntry</Filter>
    </ClCompile>
    <ClCompile Include="MovementSystem.cpp">
      <Filter>Source\Systems\MovementSystem</Filter>
    </ClCompile>
    <ClCompile Include="InputSystem.cpp">
      <Filter>Source\Systems\InputSystem</Filter>
    </ClCompile>
    <ClCompile Include="main.cpp">
      <Filter>Source</Filter>
    </ClCompile>
    <ClCompile Include="CollisionDetectionSystem.cpp">
      <Filter>Source\Systems\CollisionDetectionSystem</Filter>
    </ClCompile>
    <ClCompile Include="HealthSystem.cpp">
      <Filter>Source\Systems\HealthSystem</Filter>
    </ClCompile>
    <ClCompile Include="RunControllerSystem.cpp">
      <Filter>Source\Systems\RunControllerSystem</Filter>
    </ClCompile>
    <ClCompile Include="HealthIndicatorSystem.cpp">
      <Filter>Source\Systems\HealthIndicatorSystem</Filter>
    </ClCompile>
    <ClCompile Include="StageDataLoader.cpp">
      <Filter>Source\Systems\RunControllerSystem\StageDataLoader</Filter>
    </ClCompile>
    <ClCompile Include="SummaryControllerSystem.cpp">
      <Filter>Source\Systems\SummaryControllerSystem</Filter>
    </ClCompile>
    <ClCompile Include="UpgradeSystem.cpp">
      <Filter>Source\Systems\UpgradeSystem</Filter>
    </ClCompile>
    <ClCompile Include="UpgradeLoader.cpp">
      <Filter>Source\Systems\UpgradeSystem\UpgradeLoader</Filter>
    </ClCompile>
    <ClCompile Include="PlayerPrepareSystem.cpp">
      <Filter>Source\Systems\PlayerPrepareSystem</Filter>
    </ClCompile>
    <ClCompile Include="ArkanoidInputModule.cpp">
      <Filter>Source\Modules\InputModule</Filter>
    </ClCompile>
    <ClCompile Include="ArkanoidMovementModule.cpp">
      <Filter>Source\Modules\MovementModule</Filter>
    </ClCompile>
    <ClCompile Include="CollisionUtils.cpp">
      <Filter>Source\Utils\CollisionUtils</Filter>
    </ClCompile>
    <ClCompile Include="ArkanoidHealthModule.cpp">
      <Filter>Source\Modules\HealthModule</Filter>
    </ClCompile>
    <ClCompile Include="ArkanoidCoreModule.cpp">
      <Filter>Source\Modules\CoreModule</Filter>
    </ClCompile>
    <ClCompile Include="TransitionUtils.cpp">
      <Filter>Source\Utils\TransitionUtils</Filter>
    </ClCompile>
    <ClCompile Include="GameStartSystem.cpp">
      <Filter>Source\Systems\GameStartSystem</Filter>
    </ClCompile>
    <ClCompile Include="ArkanoidCollisionModule.cpp">
      <Filter>Source\Modules\CollisionModule</Filter>
    </ClCompile>
    <ClCompile Include="ArkanoidUpgradeModule.cpp">
      <Filter>Source\Modules\UpgradeModule</Filter>
    </ClCompile>
    <ClCompile Include="RunUtils.cpp">
      <Filter>Source\Utils\RunUtils</Filter>
    </ClCompile>
    <ClCompile Include="TransitionSystem.cpp">
      <Filter>Source\Systems\TransitionSystem</Filter>
    </ClCompile>
    <ClCompile Include="ArkanoidTransitionModule.cpp">
      <Filter>Source\Modules\TransitionModule</Filter>
    </ClCompile>
  </ItemGroup>
  <ItemGroup>
    <ClInclude Include="Arkanoid.h">
      <Filter>Source\GameEntry</Filter>
    </ClInclude>
    <ClInclude Include="CollisionComponents.h">
      <Filter>Source\Components</Filter>
    </ClInclude>
    <ClInclude Include="PlayerMoveSpeedComponent.h">
      <Filter>Source\Components</Filter>
    </ClInclude>
    <ClInclude Include="VelocityComponent.h">
      <Filter>Source\Components</Filter>
    </ClInclude>
    <ClInclude Include="MovementSystem.h">
      <Filter>Source\Systems\MovementSystem</Filter>
    </ClInclude>
    <ClInclude Include="InputSystem.h">
      <Filter>Source\Systems\InputSystem</Filter>
    </ClInclude>
    <ClInclude Include="CollisionDetectionSystem.h">
      <Filter>Source\Systems\CollisionDetectionSystem</Filter>
    </ClInclude>
    <ClInclude Include="HealthComponent.h">
      <Filter>Source\Components</Filter>
    </ClInclude>
    <ClInclude Include="HealthSystem.h">
      <Filter>Source\Systems\HealthSystem</Filter>
    </ClInclude>
    <ClInclude Include="RunControllerSystem.h">
      <Filter>Source\Systems\RunControllerSystem</Filter>
    </ClInclude>
    <ClInclude Include="HealthIndicatorSystem.h">
      <Filter>Source\Systems\HealthIndicatorSystem</Filter>
    </ClInclude>
    <ClInclude Include="ClickableComponent.h">
      <Filter>Source\Components</Filter>
    </ClInclude>
    <ClInclude Include="StageDataLoader.h">
      <Filter>Source\Systems\RunControllerSystem\StageDataLoader</Filter>
    </ClInclude>
    <ClInclude Include="GlobalConstants.h">
      <Filter>Source\Utils</Filter>
    </ClInclude>
    <ClInclude Include="SummaryControllerSystem.h">
      <Filter>Source\Systems\SummaryControllerSystem</Filter>
    </ClInclude>
    <ClInclude Include="UpgradeComponents.h">
      <Filter>Source\Components</Filter>
    </ClInclude>
    <ClInclude Include="UpgradeSystem.h">
      <Filter>Source\Systems\UpgradeSystem</Filter>
    </ClInclude>
    <ClInclude Include="UpgradeLoader.h">
      <Filter>Source\Systems\UpgradeSystem\UpgradeLoader</Filter>
    </ClInclude>
    <ClInclude Include="PlayerPrepareComponent.h">
      <Filter>Source\Components</Filter>
    </ClInclude>
    <ClInclude Include="PlayerPrepareSystem.h">
      <Filter>Source\Systems\PlayerPrepareSystem</Filter>
    </ClInclude>
    <ClInclude Include="ArkanoidInputModule.h">
      <Filter>Source\Modules\InputModule</Filter>
    </ClInclude>
    <ClInclude Include="ArkanoidMovementModule.h">
      <Filter>Source\Modules\MovementModule</Filter>
    </ClInclude>
    <ClInclude Include="DamageComponent.h">
      <Filter>Source\Components</Filter>
    </ClInclude>
    <ClInclude Include="CollisionUtils.h">
      <Filter>Source\Utils\CollisionUtils</Filter>
    </ClInclude>
    <ClInclude Include="ArkanoidHealthModule.h">
      <Filter>Source\Modules\HealthModule</Filter>
    </ClInclude>
    <ClInclude Include="ComponentUtils.h">
      <Filter>Source\Utils\ComponentUtils</Filter>
    </ClInclude>
    <ClInclude Include="ArkanoidCoreModule.h">
      <Filter>Source\Modules\CoreModule</Filter>
    </ClInclude>
    <ClInclude Include="TransitionUtils.h">
      <Filter>Source\Utils\TransitionUtils</Filter>
    </ClInclude>
    <ClInclude Include="GameStartSystem.h">
      <Filter>Source\Systems\GameStartSystem</Filter>
    </ClInclude>
    <ClInclude Include="ArkanoidCollisionModule.h">
      <Filter>Source\Modules\CollisionModule</Filter>
    </ClInclude>
    <ClInclude Include="ArkanoidUpgradeModule.h">
      <Filter>Source\Modules\UpgradeModule</Filter>
    </ClInclude>
    <ClInclude Include="RunUtils.h">
      <Filter>Source\Utils\RunUtils</Filter>
    </ClInclude>
    <ClInclude Include="ResetComponents.h">
      <Filter>Source\Components</Filter>
    </ClInclude>
    <ClInclude Include="TransitionSystem.h">
      <Filter>Source\Systems\TransitionSystem</Filter>
    </ClInclude>
    <ClInclude Include="ArkanoidTransitionModule.h">
      <Filter>Source\Modules\TransitionModule</Filter>
    </ClInclude>
  </ItemGroup>
</Project>