<?xml version="1.0" encoding="utf-8"?>
<Project ToolsVersion="4.0" xmlns="http://schemas.microsoft.com/developer/msbuild/2003">
  <ItemGroup>
    <Filter Include="Source">
      <UniqueIdentifier>{4FC737F1-C7A5-4376-A066-2A32D752A2FF}</UniqueIdentifier>
      <Extensions>cpp;c;cc;cxx;c++;cppm;ixx;def;odl;idl;hpj;bat;asm;asmx</Extensions>
    </Filter>
    <Filter Include="Source\Core">
      <UniqueIdentifier>{4be624d2-7fb2-4702-8d4f-70907cf284a9}</UniqueIdentifier>
    </Filter>
    <Filter Include="Source\Core\World">
      <UniqueIdentifier>{46fd85a4-e0d3-4178-9d4e-4b858bf2217d}</UniqueIdentifier>
    </Filter>
    <Filter Include="Source\Core\Entity">
      <UniqueIdentifier>{47638869-5596-4c4c-b37e-c5b9770af968}</UniqueIdentifier>
    </Filter>
    <Filter Include="Source\Core\Component">
      <UniqueIdentifier>{7fc618e9-7b51-4c7d-9030-33854143dd29}</UniqueIdentifier>
    </Filter>
    <Filter Include="Source\Core\System">
      <UniqueIdentifier>{111fc1d2-7d7f-4504-973d-2b3642548977}</UniqueIdentifier>
    </Filter>
    <Filter Include="Source\GameEntry">
      <UniqueIdentifier>{4e97584b-5072-461e-9a5d-43bcf8cad817}</UniqueIdentifier>
    </Filter>
    <Filter Include="Source\ExampleGame">
      <UniqueIdentifier>{0ad24943-a866-491f-abf2-afe0416e87ee}</UniqueIdentifier>
    </Filter>
    <Filter Include="Source\Core\System\Systems">
      <UniqueIdentifier>{245c3a13-4777-40d7-bcc4-4f7c5a5a6497}</UniqueIdentifier>
    </Filter>
    <Filter Include="Source\Core\Utils">
      <UniqueIdentifier>{d41bbb5c-b4d0-4762-bc40-fb7cfdd69908}</UniqueIdentifier>
    </Filter>
  </ItemGroup>
  <ItemGroup>
    <ClCompile Include="World.cpp">
      <Filter>Source\Core\World</Filter>
    </ClCompile>
    <ClCompile Include="main.cpp">
      <Filter>Source</Filter>
    </ClCompile>
    <ClCompile Include="System.cpp">
      <Filter>Source\Core\System</Filter>
    </ClCompile>
    <ClCompile Include="EntityManager.cpp">
      <Filter>Source\Core\Entity</Filter>
    </ClCompile>
    <ClCompile Include="GameRunner.cpp">
      <Filter>Source\GameEntry</Filter>
    </ClCompile>
    <ClCompile Include="ExampleGame.cpp">
      <Filter>Source\ExampleGame</Filter>
    </ClCompile>
    <ClCompile Include="WorldInitializationData.cpp">
      <Filter>Source\Core\World</Filter>
    </ClCompile>
    <ClCompile Include="RenderSystem.cpp">
      <Filter>Source\Core\System\Systems</Filter>
    </ClCompile>
  </ItemGroup>
  <ItemGroup>
    <ClInclude Include="World.h">
      <Filter>Source\Core\World</Filter>
    </ClInclude>
    <ClInclude Include="Entity.h">
      <Filter>Source\Core\Entity</Filter>
    </ClInclude>
    <ClInclude Include="System.h">
      <Filter>Source\Core\System</Filter>
    </ClInclude>
    <ClInclude Include="CoreTypes.h">
      <Filter>Source\Core</Filter>
    </ClInclude>
    <ClInclude Include="ComponentPool.h">
      <Filter>Source\Core\Component</Filter>
    </ClInclude>
    <ClInclude Include="EntityManager.h">
      <Filter>Source\Core\Entity</Filter>
    </ClInclude>
    <ClInclude Include="SystemUpdateContext.h">
      <Filter>Source\Core\System</Filter>
    </ClInclude>
    <ClInclude Include="Game.h">
      <Filter>Source\GameEntry</Filter>
    </ClInclude>
    <ClInclude Include="GameRunner.h">
      <Filter>Source\GameEntry</Filter>
    </ClInclude>
    <ClInclude Include="Components.h">
      <Filter>Source\Core\Component</Filter>
    </ClInclude>
    <ClInclude Include="WorldInitializationData.h">
      <Filter>Source\Core\World</Filter>
    </ClInclude>
    <ClInclude Include="ExampleGame.h">
      <Filter>Source\ExampleGame</Filter>
    </ClInclude>
    <ClInclude Include="RendererInitializationData.h">
      <Filter>Source\GameEntry</Filter>
    </ClInclude>
    <ClInclude Include="RenderSystem.h">
      <Filter>Source\Core\System\Systems</Filter>
    </ClInclude>
    <ClInclude Include="MathTypes.h">
      <Filter>Source\Core\Utils</Filter>
    </ClInclude>
  </ItemGroup>
</Project>