<?xml version="1.0" encoding="utf-8"?>
<Project ToolsVersion="4.0" xmlns="http://schemas.microsoft.com/developer/msbuild/2003">
  <ItemGroup>
    <Filter Include="Source">
      <UniqueIdentifier>{4FC737F1-C7A5-4376-A066-2A32D752A2FF}</UniqueIdentifier>
      <Extensions>cpp;c;cc;cxx;c++;cppm;ixx;def;odl;idl;hpj;bat;asm;asmx</Extensions>
    </Filter>
    <Filter Include="Source\Core">
      <UniqueIdentifier>{4be624d2-7fb2-4702-8d4f-70907cf284a9}</UniqueIdentifier>
    </Filter>
    <Filter Include="Source\Core\World">
      <UniqueIdentifier>{46fd85a4-e0d3-4178-9d4e-4b858bf2217d}</UniqueIdentifier>
    </Filter>
    <Filter Include="Source\Core\Entity">
      <UniqueIdentifier>{47638869-5596-4c4c-b37e-c5b9770af968}</UniqueIdentifier>
    </Filter>
    <Filter Include="Source\Core\Component">
      <UniqueIdentifier>{7fc618e9-7b51-4c7d-9030-33854143dd29}</UniqueIdentifier>
    </Filter>
    <Filter Include="Source\Core\System">
      <UniqueIdentifier>{111fc1d2-7d7f-4504-973d-2b3642548977}</UniqueIdentifier>
    </Filter>
    <Filter Include="Source\GameEntry">
      <UniqueIdentifier>{4e97584b-5072-461e-9a5d-43bcf8cad817}</UniqueIdentifier>
    </Filter>
    <Filter Include="Source\Core\Utils">
      <UniqueIdentifier>{d41bbb5c-b4d0-4762-bc40-fb7cfdd69908}</UniqueIdentifier>
    </Filter>
    <Filter Include="Source\Core\World\InputState">
      <UniqueIdentifier>{5d0bc376-5b17-4e3a-9fc1-d6ce94603068}</UniqueIdentifier>
    </Filter>
    <Filter Include="Source\Core\World\EventBus">
      <UniqueIdentifier>{c4632161-5607-48b3-8dfb-8232a51ee304}</UniqueIdentifier>
    </Filter>
    <Filter Include="Source\Core\Component\Components">
      <UniqueIdentifier>{23d54fd1-235e-4ad3-99e6-303dddd1ad0b}</UniqueIdentifier>
    </Filter>
    <Filter Include="Source\Core\System\Systems">
      <UniqueIdentifier>{6c3f2428-bdaa-4571-970a-d714f09f0d2f}</UniqueIdentifier>
    </Filter>
    <Filter Include="Source\Core\System\Systems\RenderSystem">
      <UniqueIdentifier>{8570a26a-e9ec-4f6d-8402-ea9240f96d92}</UniqueIdentifier>
    </Filter>
    <Filter Include="Source\Core\World\TextureManager">
      <UniqueIdentifier>{4b3d7598-da4d-419a-a9c3-3b35b9f49414}</UniqueIdentifier>
    </Filter>
    <Filter Include="Source\Core\World\EventBus\Events">
      <UniqueIdentifier>{e5579a31-ac92-4828-a7d7-a878202d9a42}</UniqueIdentifier>
    </Filter>
    <Filter Include="Source\Core\World\AudioManager">
      <UniqueIdentifier>{5c648224-606f-43b0-a22e-43789ff36ae5}</UniqueIdentifier>
    </Filter>
    <Filter Include="Source\Core\World\FontManager">
      <UniqueIdentifier>{347aef15-f542-4f23-809f-db8635adf5bc}</UniqueIdentifier>
    </Filter>
    <Filter Include="Source\Core\Utils\SDLUtils">
      <UniqueIdentifier>{45a5158f-64cb-4955-b7e7-9a9b6e7acf9f}</UniqueIdentifier>
    </Filter>
    <Filter Include="Source\Core\Archetype">
      <UniqueIdentifier>{8545b04a-a761-4260-a1dd-67a616d4cce9}</UniqueIdentifier>
    </Filter>
    <Filter Include="Source\Module">
      <UniqueIdentifier>{ece7377f-5d95-49ca-b876-f9e90408243e}</UniqueIdentifier>
    </Filter>
    <Filter Include="Source\Core\World\InitializationData">
      <UniqueIdentifier>{6557ca33-3b2a-4d7b-b104-c504c4dd6e2a}</UniqueIdentifier>
    </Filter>
    <Filter Include="Source\Module\Modules">
      <UniqueIdentifier>{a8a234f9-0677-45cc-8703-678d3e73bf31}</UniqueIdentifier>
    </Filter>
  </ItemGroup>
  <ItemGroup>
    <ClCompile Include="World.cpp">
      <Filter>Source\Core\World</Filter>
    </ClCompile>
    <ClCompile Include="EntityAdmin.cpp">
      <Filter>Source\Core\Entity</Filter>
    </ClCompile>
    <ClCompile Include="GameRunner.cpp">
      <Filter>Source\GameEntry</Filter>
    </ClCompile>
    <ClCompile Include="InputState.cpp">
      <Filter>Source\Core\World\InputState</Filter>
    </ClCompile>
    <ClCompile Include="RenderSystem.cpp">
      <Filter>Source\Core\System\Systems\RenderSystem</Filter>
    </ClCompile>
    <ClCompile Include="TextureManager.cpp">
      <Filter>Source\Core\World\TextureManager</Filter>
    </ClCompile>
    <ClCompile Include="AudioManager.cpp">
      <Filter>Source\Core\World\AudioManager</Filter>
    </ClCompile>
    <ClCompile Include="FontManager.cpp">
      <Filter>Source\Core\World\FontManager</Filter>
    </ClCompile>
    <ClCompile Include="SDLUtils.cpp">
      <Filter>Source\Core\Utils\SDLUtils</Filter>
    </ClCompile>
    <ClCompile Include="SystemsCollection.cpp">
      <Filter>Source\Core\System</Filter>
    </ClCompile>
    <ClCompile Include="Archetype.cpp">
      <Filter>Source\Core\Archetype</Filter>
    </ClCompile>
    <ClCompile Include="ArchetypeStorage.cpp">
      <Filter>Source\Core\Archetype</Filter>
    </ClCompile>
    <ClCompile Include="WorldInitializationData.cpp">
      <Filter>Source\Core\World\InitializationData</Filter>
    </ClCompile>
    <ClCompile Include="Game.cpp">
      <Filter>Source\GameEntry</Filter>
    </ClCompile>
    <ClCompile Include="CoreModule.cpp">
      <Filter>Source\Module\Modules</Filter>
    </ClCompile>
    <ClCompile Include="ComponentTypesCollection.cpp">
      <Filter>Source\Core\Component</Filter>
    </ClCompile>
  </ItemGroup>
  <ItemGroup>
    <ClInclude Include="World.h">
      <Filter>Source\Core\World</Filter>
    </ClInclude>
    <ClInclude Include="Entity.h">
      <Filter>Source\Core\Entity</Filter>
    </ClInclude>
    <ClInclude Include="System.h">
      <Filter>Source\Core\System</Filter>
    </ClInclude>
    <ClInclude Include="CoreTypes.h">
      <Filter>Source\Core</Filter>
    </ClInclude>
    <ClInclude Include="ComponentPool.h">
      <Filter>Source\Core\Component</Filter>
    </ClInclude>
    <ClInclude Include="EntityAdmin.h">
      <Filter>Source\Core\Entity</Filter>
    </ClInclude>
    <ClInclude Include="SystemContext.h">
      <Filter>Source\Core\System</Filter>
    </ClInclude>
    <ClInclude Include="Game.h">
      <Filter>Source\GameEntry</Filter>
    </ClInclude>
    <ClInclude Include="GameRunner.h">
      <Filter>Source\GameEntry</Filter>
    </ClInclude>
    <ClInclude Include="RendererInitializationData.h">
      <Filter>Source\GameEntry</Filter>
    </ClInclude>
    <ClInclude Include="MathTypes.h">
      <Filter>Source\Core\Utils</Filter>
    </ClInclude>
    <ClInclude Include="InputState.h">
      <Filter>Source\Core\World\InputState</Filter>
    </ClInclude>
    <ClInclude Include="EventBus.h">
      <Filter>Source\Core\World\EventBus</Filter>
    </ClInclude>
    <ClInclude Include="ShapeComponents.h">
      <Filter>Source\Core\Component\Components</Filter>
    </ClInclude>
    <ClInclude Include="TransformComponent.h">
      <Filter>Source\Core\Component\Components</Filter>
    </ClInclude>
    <ClInclude Include="RenderSystem.h">
      <Filter>Source\Core\System\Systems\RenderSystem</Filter>
    </ClInclude>
    <ClInclude Include="RenderComponent.h">
      <Filter>Source\Core\Component\Components</Filter>
    </ClInclude>
    <ClInclude Include="TextureComponent.h">
      <Filter>Source\Core\Component\Components</Filter>
    </ClInclude>
    <ClInclude Include="TextureManager.h">
      <Filter>Source\Core\World\TextureManager</Filter>
    </ClInclude>
    <ClInclude Include="RenderConstants.h">
      <Filter>Source\Core\Utils</Filter>
    </ClInclude>
    <ClInclude Include="MouseClickEvent.h">
      <Filter>Source\Core\World\EventBus\Events</Filter>
    </ClInclude>
    <ClInclude Include="AudioManager.h">
      <Filter>Source\Core\World\AudioManager</Filter>
    </ClInclude>
    <ClInclude Include="FontManager.h">
      <Filter>Source\Core\World\FontManager</Filter>
    </ClInclude>
    <ClInclude Include="TextComponent.h">
      <Filter>Source\Core\Component\Components</Filter>
    </ClInclude>
    <ClInclude Include="SDLUtils.h">
      <Filter>Source\Core\Utils\SDLUtils</Filter>
    </ClInclude>
    <ClInclude Include="RingBuffer.h">
      <Filter>Source\Core\Utils</Filter>
    </ClInclude>
    <ClInclude Include="SystemsCollection.h">
      <Filter>Source\Core\System</Filter>
    </ClInclude>
    <ClInclude Include="SystemQuery.h">
      <Filter>Source\Core\System</Filter>
    </ClInclude>
    <ClInclude Include="Column.h">
      <Filter>Source\Core\Archetype</Filter>
    </ClInclude>
    <ClInclude Include="Table.h">
      <Filter>Source\Core\Archetype</Filter>
    </ClInclude>
    <ClInclude Include="Archetype.h">
      <Filter>Source\Core\Archetype</Filter>
    </ClInclude>
    <ClInclude Include="ModuleBase.h">
      <Filter>Source\Module</Filter>
    </ClInclude>
    <ClInclude Include="ArchetypeStorage.h">
      <Filter>Source\Core\Archetype</Filter>
    </ClInclude>
    <ClInclude Include="WorldInitializationData.h">
      <Filter>Source\Core\World\InitializationData</Filter>
    </ClInclude>
    <ClInclude Include="ComponentsInitializationData.h">
      <Filter>Source\Core\World\InitializationData</Filter>
    </ClInclude>
    <ClInclude Include="SystemsInitializationData.h">
      <Filter>Source\Core\World\InitializationData</Filter>
    </ClInclude>
    <ClInclude Include="StartupSystemsInitializationData.h">
      <Filter>Source\Core\World\InitializationData</Filter>
    </ClInclude>
    <ClInclude Include="ModulesInitializationData.h">
      <Filter>Source\Core\World\InitializationData</Filter>
    </ClInclude>
    <ClInclude Include="CoreModule.h">
      <Filter>Source\Module\Modules</Filter>
    </ClInclude>
    <ClInclude Include="ComponentTypesCollection.h">
      <Filter>Source\Core\Component</Filter>
    </ClInclude>
  </ItemGroup>
</Project>